
Microsoft Visual Studio Solution File, Format Version 12.00
# Visual Studio Version 17
VisualStudioVersion = 17.2.33027.314
MinimumVisualStudioVersion = 10.0.40219.1
Project("{FAE04EC0-301F-11D3-BF4B-00C04F79EFBC}") = "BlazorAppVs2022Deneme", "BlazorAppVs2022Deneme\BlazorAppVs2022Deneme.csproj", "{89D517A3-B98B-4786-BDE1-DA3D908F6CD4}"
EndProject
Global
	GlobalSection(SolutionConfigurationPlatforms) = preSolution
		Debug|Any CPU = Debug|Any CPU
		Release|Any CPU = Release|Any CPU
	EndGlobalSection
	GlobalSection(ProjectConfigurationPlatforms) = postSolution
		{89D517A3-B98B-4786-BDE1-DA3D908F6CD4}.Debug|Any CPU.ActiveCfg = Debug|Any CPU
		{89D517A3-B98B-4786-BDE1-DA3D908F6CD4}.Debug|Any CPU.Build.0 = Debug|Any CPU
		{89D517A3-B98B-4786-BDE1-DA3D908F6CD4}.Release|Any CPU.ActiveCfg = Release|Any CPU
		{89D517A3-B98B-4786-BDE1-DA3D908F6CD4}.Release|Any CPU.Build.0 = Release|Any CPU
	EndGlobalSection
	GlobalSection(SolutionProperties) = preSolution
		HideSolutionNode = FALSE
	EndGlobalSection
	GlobalSection(ExtensibilityGlobals) = postSolution
		SolutionGuid = {069CDC2A-EB8D-4209-BD8D-9C822DFB0F24}
	EndGlobalSection
EndGlobal
